
Microsoft Visual Studio Solution File, Format Version 12.00
# Visual Studio Version 17
VisualStudioVersion = 17.2.32516.85
MinimumVisualStudioVersion = 10.0.40219.1
Project("{FAE04EC0-301F-11D3-BF4B-00C04F79EFBC}") = "WebScrapping", "WebScrapping\WebScrapping.csproj", "{4B4C405C-75AF-4826-9FDC-6DBF0EEAF315}"
EndProject
Global
	GlobalSection(SolutionConfigurationPlatforms) = preSolution
		Debug|Any CPU = Debug|Any CPU
		Release|Any CPU = Release|Any CPU
	EndGlobalSection
	GlobalSection(ProjectConfigurationPlatforms) = postSolution
		{4B4C405C-75AF-4826-9FDC-6DBF0EEAF315}.Debug|Any CPU.ActiveCfg = Debug|Any CPU
		{4B4C405C-75AF-4826-9FDC-6DBF0EEAF315}.Debug|Any CPU.Build.0 = Debug|Any CPU
		{4B4C405C-75AF-4826-9FDC-6DBF0EEAF315}.Release|Any CPU.ActiveCfg = Release|Any CPU
		{4B4C405C-75AF-4826-9FDC-6DBF0EEAF315}.Release|Any CPU.Build.0 = Release|Any CPU
	EndGlobalSection
	GlobalSection(SolutionProperties) = preSolution
		HideSolutionNode = FALSE
	EndGlobalSection
	GlobalSection(ExtensibilityGlobals) = postSolution
		SolutionGuid = {8BD48C29-8317-46D8-956B-3A4AA5E07435}
	EndGlobalSection
EndGlobal
